
Microsoft Visual Studio Solution File, Format Version 12.00
# Visual Studio 14
VisualStudioVersion = 14.0.25420.1
MinimumVisualStudioVersion = 10.0.40219.1
Project("{FAE04EC0-301F-11D3-BF4B-00C04F79EFBC}") = "Algorithm Dictionary", "Algorithm Dictionary\Algorithm Dictionary.csproj", "{71298B2A-86D2-47B4-B824-15E408CF5966}"
EndProject
Project("{8BC9CEB8-8B4A-11D0-8D11-00A0C91BC942}") = "스택", "스택\스택.vcxproj", "{347D86C8-F16B-4773-B201-37B810EE8827}"
EndProject
Project("{8BC9CEB8-8B4A-11D0-8D11-00A0C91BC942}") = "링크드리스트", "링크드리스트\링크드리스트.vcxproj", "{3B207708-4963-4136-8A42-0C3DF56DA7CE}"
EndProject
Project("{8BC9CEB8-8B4A-11D0-8D11-00A0C91BC942}") = "삽입정렬", "삽입정렬\삽입정렬.vcxproj", "{9E78800E-8BE0-4C7A-9E48-3ADA68FD3C53}"
EndProject
Project("{8BC9CEB8-8B4A-11D0-8D11-00A0C91BC942}") = "이진탐색트리", "이진탐색트리\이진탐색트리.vcxproj", "{C6247CC6-5D80-4394-950E-1BE67C805755}"
EndProject
Project("{8BC9CEB8-8B4A-11D0-8D11-00A0C91BC942}") = "선택정렬", "선택정렬\선택정렬.vcxproj", "{97751E00-8B7C-4C3A-AB65-1D5195D3F703}"
EndProject
Project("{8BC9CEB8-8B4A-11D0-8D11-00A0C91BC942}") = "큐", "큐\큐.vcxproj", "{C8EE5694-9FEC-457A-83D0-3B319029ECD4}"
EndProject
Project("{8BC9CEB8-8B4A-11D0-8D11-00A0C91BC942}") = "쉘정렬", "쉘정렬\쉘정렬.vcxproj", "{E385E510-6137-471C-967E-E4719AD9BAF5}"
EndProject
Project("{8BC9CEB8-8B4A-11D0-8D11-00A0C91BC942}") = "깊이우선탐색", "깊이우선탐색\깊이우선탐색.vcxproj", "{24A186C0-A4F0-40A2-A579-1D4F9546DBE5}"
EndProject
Project("{8BC9CEB8-8B4A-11D0-8D11-00A0C91BC942}") = "버블정렬", "버블정렬\버블정렬.vcxproj", "{1B856FBE-CCB6-425E-823D-DA62EE6F27AC}"
EndProject
Project("{8BC9CEB8-8B4A-11D0-8D11-00A0C91BC942}") = "너비우선탐색", "너비우선탐색\너비우선탐색.vcxproj", "{0AEFC2C7-D649-416D-8AC8-1353C83615F6}"
EndProject
Project("{8BC9CEB8-8B4A-11D0-8D11-00A0C91BC942}") = "퀵정렬", "퀵정렬\퀵정렬.vcxproj", "{9DCA4F04-3CBB-4E2D-805F-CE69CF402B67}"
EndProject
Project("{8BC9CEB8-8B4A-11D0-8D11-00A0C91BC942}") = "머지정렬", "머지정렬\머지정렬.vcxproj", "{F932CB43-4F13-4C8A-9F14-D88F985D4273}"
EndProject
Global
	GlobalSection(SolutionConfigurationPlatforms) = preSolution
		Debug|Any CPU = Debug|Any CPU
		Debug|x64 = Debug|x64
		Debug|x86 = Debug|x86
		Release|Any CPU = Release|Any CPU
		Release|x64 = Release|x64
		Release|x86 = Release|x86
	EndGlobalSection
	GlobalSection(ProjectConfigurationPlatforms) = postSolution
		{71298B2A-86D2-47B4-B824-15E408CF5966}.Debug|Any CPU.ActiveCfg = Release|Any CPU
		{71298B2A-86D2-47B4-B824-15E408CF5966}.Debug|Any CPU.Build.0 = Release|Any CPU
		{71298B2A-86D2-47B4-B824-15E408CF5966}.Debug|x64.ActiveCfg = Debug|Any CPU
		{71298B2A-86D2-47B4-B824-15E408CF5966}.Debug|x64.Build.0 = Debug|Any CPU
		{71298B2A-86D2-47B4-B824-15E408CF5966}.Debug|x86.ActiveCfg = Debug|Any CPU
		{71298B2A-86D2-47B4-B824-15E408CF5966}.Debug|x86.Build.0 = Debug|Any CPU
		{71298B2A-86D2-47B4-B824-15E408CF5966}.Release|Any CPU.ActiveCfg = Release|Any CPU
		{71298B2A-86D2-47B4-B824-15E408CF5966}.Release|Any CPU.Build.0 = Release|Any CPU
		{71298B2A-86D2-47B4-B824-15E408CF5966}.Release|x64.ActiveCfg = Release|Any CPU
		{71298B2A-86D2-47B4-B824-15E408CF5966}.Release|x64.Build.0 = Release|Any CPU
		{71298B2A-86D2-47B4-B824-15E408CF5966}.Release|x86.ActiveCfg = Release|Any CPU
		{71298B2A-86D2-47B4-B824-15E408CF5966}.Release|x86.Build.0 = Release|Any CPU
		{347D86C8-F16B-4773-B201-37B810EE8827}.Debug|Any CPU.ActiveCfg = Release|Win32
		{347D86C8-F16B-4773-B201-37B810EE8827}.Debug|Any CPU.Build.0 = Release|Win32
		{347D86C8-F16B-4773-B201-37B810EE8827}.Debug|x64.ActiveCfg = Debug|x64
		{347D86C8-F16B-4773-B201-37B810EE8827}.Debug|x64.Build.0 = Debug|x64
		{347D86C8-F16B-4773-B201-37B810EE8827}.Debug|x86.ActiveCfg = Debug|Win32
		{347D86C8-F16B-4773-B201-37B810EE8827}.Debug|x86.Build.0 = Debug|Win32
		{347D86C8-F16B-4773-B201-37B810EE8827}.Release|Any CPU.ActiveCfg = Release|Win32
		{347D86C8-F16B-4773-B201-37B810EE8827}.Release|Any CPU.Build.0 = Release|Win32
		{347D86C8-F16B-4773-B201-37B810EE8827}.Release|x64.ActiveCfg = Release|x64
		{347D86C8-F16B-4773-B201-37B810EE8827}.Release|x64.Build.0 = Release|x64
		{347D86C8-F16B-4773-B201-37B810EE8827}.Release|x86.ActiveCfg = Release|Win32
		{347D86C8-F16B-4773-B201-37B810EE8827}.Release|x86.Build.0 = Release|Win32
		{3B207708-4963-4136-8A42-0C3DF56DA7CE}.Debug|Any CPU.ActiveCfg = Release|Win32
		{3B207708-4963-4136-8A42-0C3DF56DA7CE}.Debug|Any CPU.Build.0 = Release|Win32
		{3B207708-4963-4136-8A42-0C3DF56DA7CE}.Debug|x64.ActiveCfg = Debug|x64
		{3B207708-4963-4136-8A42-0C3DF56DA7CE}.Debug|x64.Build.0 = Debug|x64
		{3B207708-4963-4136-8A42-0C3DF56DA7CE}.Debug|x86.ActiveCfg = Debug|Win32
		{3B207708-4963-4136-8A42-0C3DF56DA7CE}.Debug|x86.Build.0 = Debug|Win32
		{3B207708-4963-4136-8A42-0C3DF56DA7CE}.Release|Any CPU.ActiveCfg = Release|Win32
		{3B207708-4963-4136-8A42-0C3DF56DA7CE}.Release|Any CPU.Build.0 = Release|Win32
		{3B207708-4963-4136-8A42-0C3DF56DA7CE}.Release|x64.ActiveCfg = Release|x64
		{3B207708-4963-4136-8A42-0C3DF56DA7CE}.Release|x64.Build.0 = Release|x64
		{3B207708-4963-4136-8A42-0C3DF56DA7CE}.Release|x86.ActiveCfg = Release|Win32
		{3B207708-4963-4136-8A42-0C3DF56DA7CE}.Release|x86.Build.0 = Release|Win32
		{9E78800E-8BE0-4C7A-9E48-3ADA68FD3C53}.Debug|Any CPU.ActiveCfg = Release|Win32
		{9E78800E-8BE0-4C7A-9E48-3ADA68FD3C53}.Debug|Any CPU.Build.0 = Release|Win32
		{9E78800E-8BE0-4C7A-9E48-3ADA68FD3C53}.Debug|x64.ActiveCfg = Debug|x64
		{9E78800E-8BE0-4C7A-9E48-3ADA68FD3C53}.Debug|x64.Build.0 = Debug|x64
		{9E78800E-8BE0-4C7A-9E48-3ADA68FD3C53}.Debug|x86.ActiveCfg = Debug|Win32
		{9E78800E-8BE0-4C7A-9E48-3ADA68FD3C53}.Debug|x86.Build.0 = Debug|Win32
		{9E78800E-8BE0-4C7A-9E48-3ADA68FD3C53}.Release|Any CPU.ActiveCfg = Release|Win32
		{9E78800E-8BE0-4C7A-9E48-3ADA68FD3C53}.Release|Any CPU.Build.0 = Release|Win32
		{9E78800E-8BE0-4C7A-9E48-3ADA68FD3C53}.Release|x64.ActiveCfg = Release|x64
		{9E78800E-8BE0-4C7A-9E48-3ADA68FD3C53}.Release|x64.Build.0 = Release|x64
		{9E78800E-8BE0-4C7A-9E48-3ADA68FD3C53}.Release|x86.ActiveCfg = Release|Win32
		{9E78800E-8BE0-4C7A-9E48-3ADA68FD3C53}.Release|x86.Build.0 = Release|Win32
		{C6247CC6-5D80-4394-950E-1BE67C805755}.Debug|Any CPU.ActiveCfg = Debug|Win32
		{C6247CC6-5D80-4394-950E-1BE67C805755}.Debug|Any CPU.Build.0 = Debug|Win32
		{C6247CC6-5D80-4394-950E-1BE67C805755}.Debug|x64.ActiveCfg = Debug|x64
		{C6247CC6-5D80-4394-950E-1BE67C805755}.Debug|x64.Build.0 = Debug|x64
		{C6247CC6-5D80-4394-950E-1BE67C805755}.Debug|x86.ActiveCfg = Debug|Win32
		{C6247CC6-5D80-4394-950E-1BE67C805755}.Debug|x86.Build.0 = Debug|Win32
		{C6247CC6-5D80-4394-950E-1BE67C805755}.Release|Any CPU.ActiveCfg = Release|Win32
		{C6247CC6-5D80-4394-950E-1BE67C805755}.Release|x64.ActiveCfg = Release|x64
		{C6247CC6-5D80-4394-950E-1BE67C805755}.Release|x64.Build.0 = Release|x64
		{C6247CC6-5D80-4394-950E-1BE67C805755}.Release|x86.ActiveCfg = Release|Win32
		{C6247CC6-5D80-4394-950E-1BE67C805755}.Release|x86.Build.0 = Release|Win32
		{97751E00-8B7C-4C3A-AB65-1D5195D3F703}.Debug|Any CPU.ActiveCfg = Debug|Win32
		{97751E00-8B7C-4C3A-AB65-1D5195D3F703}.Debug|Any CPU.Build.0 = Debug|Win32
		{97751E00-8B7C-4C3A-AB65-1D5195D3F703}.Debug|x64.ActiveCfg = Debug|x64
		{97751E00-8B7C-4C3A-AB65-1D5195D3F703}.Debug|x64.Build.0 = Debug|x64
		{97751E00-8B7C-4C3A-AB65-1D5195D3F703}.Debug|x86.ActiveCfg = Debug|Win32
		{97751E00-8B7C-4C3A-AB65-1D5195D3F703}.Debug|x86.Build.0 = Debug|Win32
		{97751E00-8B7C-4C3A-AB65-1D5195D3F703}.Release|Any CPU.ActiveCfg = Release|Win32
		{97751E00-8B7C-4C3A-AB65-1D5195D3F703}.Release|x64.ActiveCfg = Release|x64
		{97751E00-8B7C-4C3A-AB65-1D5195D3F703}.Release|x64.Build.0 = Release|x64
		{97751E00-8B7C-4C3A-AB65-1D5195D3F703}.Release|x86.ActiveCfg = Release|Win32
		{97751E00-8B7C-4C3A-AB65-1D5195D3F703}.Release|x86.Build.0 = Release|Win32
		{C8EE5694-9FEC-457A-83D0-3B319029ECD4}.Debug|Any CPU.ActiveCfg = Debug|Win32
		{C8EE5694-9FEC-457A-83D0-3B319029ECD4}.Debug|Any CPU.Build.0 = Debug|Win32
		{C8EE5694-9FEC-457A-83D0-3B319029ECD4}.Debug|x64.ActiveCfg = Debug|x64
		{C8EE5694-9FEC-457A-83D0-3B319029ECD4}.Debug|x64.Build.0 = Debug|x64
		{C8EE5694-9FEC-457A-83D0-3B319029ECD4}.Debug|x86.ActiveCfg = Debug|Win32
		{C8EE5694-9FEC-457A-83D0-3B319029ECD4}.Debug|x86.Build.0 = Debug|Win32
		{C8EE5694-9FEC-457A-83D0-3B319029ECD4}.Release|Any CPU.ActiveCfg = Release|Win32
		{C8EE5694-9FEC-457A-83D0-3B319029ECD4}.Release|x64.ActiveCfg = Release|x64
		{C8EE5694-9FEC-457A-83D0-3B319029ECD4}.Release|x64.Build.0 = Release|x64
		{C8EE5694-9FEC-457A-83D0-3B319029ECD4}.Release|x86.ActiveCfg = Release|Win32
		{C8EE5694-9FEC-457A-83D0-3B319029ECD4}.Release|x86.Build.0 = Release|Win32
		{E385E510-6137-471C-967E-E4719AD9BAF5}.Debug|Any CPU.ActiveCfg = Debug|Win32
		{E385E510-6137-471C-967E-E4719AD9BAF5}.Debug|Any CPU.Build.0 = Debug|Win32
		{E385E510-6137-471C-967E-E4719AD9BAF5}.Debug|x64.ActiveCfg = Debug|x64
		{E385E510-6137-471C-967E-E4719AD9BAF5}.Debug|x64.Build.0 = Debug|x64
		{E385E510-6137-471C-967E-E4719AD9BAF5}.Debug|x86.ActiveCfg = Debug|Win32
		{E385E510-6137-471C-967E-E4719AD9BAF5}.Debug|x86.Build.0 = Debug|Win32
		{E385E510-6137-471C-967E-E4719AD9BAF5}.Release|Any CPU.ActiveCfg = Release|Win32
		{E385E510-6137-471C-967E-E4719AD9BAF5}.Release|x64.ActiveCfg = Release|x64
		{E385E510-6137-471C-967E-E4719AD9BAF5}.Release|x64.Build.0 = Release|x64
		{E385E510-6137-471C-967E-E4719AD9BAF5}.Release|x86.ActiveCfg = Release|Win32
		{E385E510-6137-471C-967E-E4719AD9BAF5}.Release|x86.Build.0 = Release|Win32
		{24A186C0-A4F0-40A2-A579-1D4F9546DBE5}.Debug|Any CPU.ActiveCfg = Debug|Win32
		{24A186C0-A4F0-40A2-A579-1D4F9546DBE5}.Debug|Any CPU.Build.0 = Debug|Win32
		{24A186C0-A4F0-40A2-A579-1D4F9546DBE5}.Debug|x64.ActiveCfg = Debug|x64
		{24A186C0-A4F0-40A2-A579-1D4F9546DBE5}.Debug|x64.Build.0 = Debug|x64
		{24A186C0-A4F0-40A2-A579-1D4F9546DBE5}.Debug|x86.ActiveCfg = Debug|Win32
		{24A186C0-A4F0-40A2-A579-1D4F9546DBE5}.Debug|x86.Build.0 = Debug|Win32
		{24A186C0-A4F0-40A2-A579-1D4F9546DBE5}.Release|Any CPU.ActiveCfg = Release|Win32
		{24A186C0-A4F0-40A2-A579-1D4F9546DBE5}.Release|x64.ActiveCfg = Release|x64
		{24A186C0-A4F0-40A2-A579-1D4F9546DBE5}.Release|x64.Build.0 = Release|x64
		{24A186C0-A4F0-40A2-A579-1D4F9546DBE5}.Release|x86.ActiveCfg = Release|Win32
		{24A186C0-A4F0-40A2-A579-1D4F9546DBE5}.Release|x86.Build.0 = Release|Win32
		{1B856FBE-CCB6-425E-823D-DA62EE6F27AC}.Debug|Any CPU.ActiveCfg = Debug|Win32
		{1B856FBE-CCB6-425E-823D-DA62EE6F27AC}.Debug|Any CPU.Build.0 = Debug|Win32
		{1B856FBE-CCB6-425E-823D-DA62EE6F27AC}.Debug|x64.ActiveCfg = Debug|x64
		{1B856FBE-CCB6-425E-823D-DA62EE6F27AC}.Debug|x64.Build.0 = Debug|x64
		{1B856FBE-CCB6-425E-823D-DA62EE6F27AC}.Debug|x86.ActiveCfg = Debug|Win32
		{1B856FBE-CCB6-425E-823D-DA62EE6F27AC}.Debug|x86.Build.0 = Debug|Win32
		{1B856FBE-CCB6-425E-823D-DA62EE6F27AC}.Release|Any CPU.ActiveCfg = Release|Win32
		{1B856FBE-CCB6-425E-823D-DA62EE6F27AC}.Release|x64.ActiveCfg = Release|x64
		{1B856FBE-CCB6-425E-823D-DA62EE6F27AC}.Release|x64.Build.0 = Release|x64
		{1B856FBE-CCB6-425E-823D-DA62EE6F27AC}.Release|x86.ActiveCfg = Release|Win32
		{1B856FBE-CCB6-425E-823D-DA62EE6F27AC}.Release|x86.Build.0 = Release|Win32
		{0AEFC2C7-D649-416D-8AC8-1353C83615F6}.Debug|Any CPU.ActiveCfg = Debug|Win32
		{0AEFC2C7-D649-416D-8AC8-1353C83615F6}.Debug|Any CPU.Build.0 = Debug|Win32
		{0AEFC2C7-D649-416D-8AC8-1353C83615F6}.Debug|x64.ActiveCfg = Debug|x64
		{0AEFC2C7-D649-416D-8AC8-1353C83615F6}.Debug|x64.Build.0 = Debug|x64
		{0AEFC2C7-D649-416D-8AC8-1353C83615F6}.Debug|x86.ActiveCfg = Debug|Win32
		{0AEFC2C7-D649-416D-8AC8-1353C83615F6}.Debug|x86.Build.0 = Debug|Win32
		{0AEFC2C7-D649-416D-8AC8-1353C83615F6}.Release|Any CPU.ActiveCfg = Release|Win32
		{0AEFC2C7-D649-416D-8AC8-1353C83615F6}.Release|x64.ActiveCfg = Release|x64
		{0AEFC2C7-D649-416D-8AC8-1353C83615F6}.Release|x64.Build.0 = Release|x64
		{0AEFC2C7-D649-416D-8AC8-1353C83615F6}.Release|x86.ActiveCfg = Release|Win32
		{0AEFC2C7-D649-416D-8AC8-1353C83615F6}.Release|x86.Build.0 = Release|Win32
		{9DCA4F04-3CBB-4E2D-805F-CE69CF402B67}.Debug|Any CPU.ActiveCfg = Debug|Win32
		{9DCA4F04-3CBB-4E2D-805F-CE69CF402B67}.Debug|x64.ActiveCfg = Debug|x64
		{9DCA4F04-3CBB-4E2D-805F-CE69CF402B67}.Debug|x64.Build.0 = Debug|x64
		{9DCA4F04-3CBB-4E2D-805F-CE69CF402B67}.Debug|x86.ActiveCfg = Debug|Win32
		{9DCA4F04-3CBB-4E2D-805F-CE69CF402B67}.Debug|x86.Build.0 = Debug|Win32
		{9DCA4F04-3CBB-4E2D-805F-CE69CF402B67}.Release|Any CPU.ActiveCfg = Release|Win32
		{9DCA4F04-3CBB-4E2D-805F-CE69CF402B67}.Release|x64.ActiveCfg = Release|x64
		{9DCA4F04-3CBB-4E2D-805F-CE69CF402B67}.Release|x64.Build.0 = Release|x64
		{9DCA4F04-3CBB-4E2D-805F-CE69CF402B67}.Release|x86.ActiveCfg = Release|Win32
		{9DCA4F04-3CBB-4E2D-805F-CE69CF402B67}.Release|x86.Build.0 = Release|Win32
		{F932CB43-4F13-4C8A-9F14-D88F985D4273}.Debug|Any CPU.ActiveCfg = Debug|Win32
		{F932CB43-4F13-4C8A-9F14-D88F985D4273}.Debug|Any CPU.Build.0 = Debug|Win32
		{F932CB43-4F13-4C8A-9F14-D88F985D4273}.Debug|x64.ActiveCfg = Debug|x64
		{F932CB43-4F13-4C8A-9F14-D88F985D4273}.Debug|x64.Build.0 = Debug|x64
		{F932CB43-4F13-4C8A-9F14-D88F985D4273}.Debug|x86.ActiveCfg = Debug|Win32
		{F932CB43-4F13-4C8A-9F14-D88F985D4273}.Debug|x86.Build.0 = Debug|Win32
		{F932CB43-4F13-4C8A-9F14-D88F985D4273}.Release|Any CPU.ActiveCfg = Release|Win32
		{F932CB43-4F13-4C8A-9F14-D88F985D4273}.Release|x64.ActiveCfg = Release|x64
		{F932CB43-4F13-4C8A-9F14-D88F985D4273}.Release|x64.Build.0 = Release|x64
		{F932CB43-4F13-4C8A-9F14-D88F985D4273}.Release|x86.ActiveCfg = Release|Win32
		{F932CB43-4F13-4C8A-9F14-D88F985D4273}.Release|x86.Build.0 = Release|Win32
	EndGlobalSection
	GlobalSection(SolutionProperties) = preSolution
		HideSolutionNode = FALSE
	EndGlobalSection
EndGlobal
